
Microsoft Visual Studio Solution File, Format Version 12.00
# Visual Studio 15
VisualStudioVersion = 15.0.27004.2005
MinimumVisualStudioVersion = 10.0.40219.1
Project("{FAE04EC0-301F-11D3-BF4B-00C04F79EFBC}") = "LabTimer", "LabTimer\LabTimer.csproj", "{A7E023B8-720D-4EC3-91E7-033F7D1C3B4B}"
EndProject
Global
	GlobalSection(SolutionConfigurationPlatforms) = preSolution
		Debug|Any CPU = Debug|Any CPU
		Release|Any CPU = Release|Any CPU
	EndGlobalSection
	GlobalSection(ProjectConfigurationPlatforms) = postSolution
		{A7E023B8-720D-4EC3-91E7-033F7D1C3B4B}.Debug|Any CPU.ActiveCfg = Debug|Any CPU
		{A7E023B8-720D-4EC3-91E7-033F7D1C3B4B}.Debug|Any CPU.Build.0 = Debug|Any CPU
		{A7E023B8-720D-4EC3-91E7-033F7D1C3B4B}.Release|Any CPU.ActiveCfg = Release|Any CPU
		{A7E023B8-720D-4EC3-91E7-033F7D1C3B4B}.Release|Any CPU.Build.0 = Release|Any CPU
	EndGlobalSection
	GlobalSection(SolutionProperties) = preSolution
		HideSolutionNode = FALSE
	EndGlobalSection
	GlobalSection(ExtensibilityGlobals) = postSolution
		SolutionGuid = {99775AC2-E708-4CF4-8098-3247B3E7353A}
	EndGlobalSection
EndGlobal
